
Microsoft Visual Studio Solution File, Format Version 12.00
# Visual Studio Version 17
VisualStudioVersion = 17.3.32929.385
MinimumVisualStudioVersion = 10.0.40219.1
Project("{FAE04EC0-301F-11D3-BF4B-00C04F79EFBC}") = "Wpf_HomeWork12", "Wpf_HomeWork12\Wpf_HomeWork12.csproj", "{FECCF443-A8B0-41F0-8C45-75DC2F29CE51}"
EndProject
Global
	GlobalSection(SolutionConfigurationPlatforms) = preSolution
		Debug|Any CPU = Debug|Any CPU
		Release|Any CPU = Release|Any CPU
	EndGlobalSection
	GlobalSection(ProjectConfigurationPlatforms) = postSolution
		{FECCF443-A8B0-41F0-8C45-75DC2F29CE51}.Debug|Any CPU.ActiveCfg = Debug|Any CPU
		{FECCF443-A8B0-41F0-8C45-75DC2F29CE51}.Debug|Any CPU.Build.0 = Debug|Any CPU
		{FECCF443-A8B0-41F0-8C45-75DC2F29CE51}.Release|Any CPU.ActiveCfg = Release|Any CPU
		{FECCF443-A8B0-41F0-8C45-75DC2F29CE51}.Release|Any CPU.Build.0 = Release|Any CPU
	EndGlobalSection
	GlobalSection(SolutionProperties) = preSolution
		HideSolutionNode = FALSE
	EndGlobalSection
	GlobalSection(ExtensibilityGlobals) = postSolution
		SolutionGuid = {66943C82-4ED2-437E-A9CE-FA44DB7EA231}
	EndGlobalSection
EndGlobal
